# THIS IS AN AUTOGENERATED FILE. DO NOT EDIT THIS FILE DIRECTLY.
# yarn lockfile v1


mathjax@^3.2.0:
  version "3.2.1"
  resolved "https://registry.yarnpkg.com/mathjax/-/mathjax-3.2.1.tgz#b74b0cec928322dff6a3c74a757c534e69916d25"
  integrity sha512-blUch14trKnfQHjDjy1kdg5bN8jK0bdHbkerQBKCrZ3Anpb81zZ7xnj5J55vsqQoG+Irz3BHBDzRssjeehkzxg==
